{
  "name": "node-generation",
  "version": "1.0.4",
  "lockfileVersion": 3,
  "requires": true,
  "packages": {
    "": {
      "name": "node-generation",
      "version": "1.0.4",
      "license": "MIT",
      "dependencies": {
        "node-generation": "^1.0.4",
        "uuid": "^9.0.0"
      },
      "devDependencies": {
        "@types/uuid": "^9.0.1"
      }
    },
    "node_modules/@types/uuid": {
      "version": "9.0.1",
      "resolved": "https://registry.npmjs.org/@types/uuid/-/uuid-9.0.1.tgz",
      "integrity": "sha512-rFT3ak0/2trgvp4yYZo5iKFEPsET7vKydKF+VRCxlQ9bpheehyAJH89dAkaLEq/j/RZXJIqcgsmPJKUP1Z28HA==",
      "dev": true
    },
    "node_modules/node-generation": {
      "version": "1.0.4",
      "resolved": "https://registry.npmjs.org/node-generation/-/node-generation-1.0.4.tgz",
      "integrity": "sha512-yv8nJBNKyw1ID6A+YyF5yW97oSoqkuj3yNJtilEVmntjskT0GX+jkPauTMs6DYQ9V6VyQIsEyu6QbX3z6pFyfw==",
      "dependencies": {
        "node-generation": "^1.0.3",
        "uuid": "^9.0.0"
      }
    },
    "node_modules/uuid": {
      "version": "9.0.0",
      "resolved": "https://registry.npmjs.org/uuid/-/uuid-9.0.0.tgz",
      "integrity": "sha512-MXcSTerfPa4uqyzStbRoTgt5XIe3x5+42+q1sDuy3R5MDk66URdLMOZe5aPX/SQd+kuYAh0FdP/pO28IkQyTeg==",
      "bin": {
        "uuid": "dist/bin/uuid"
      }
    }
  }
}
